
Microsoft Visual Studio Solution File, Format Version 12.00
# Visual Studio 15
VisualStudioVersion = 15.0.34112.143
MinimumVisualStudioVersion = 10.0.40219.1
Project("{8BC9CEB8-8B4A-11D0-8D11-00A0C91BC942}") = "P28", "P28\P28.vcxproj", "{30D8FD83-812C-4CEE-998F-0703890198A6}"
EndProject
Global
	GlobalSection(SolutionConfigurationPlatforms) = preSolution
		Debug|x64 = Debug|x64
		Debug|x86 = Debug|x86
		Release|x64 = Release|x64
		Release|x86 = Release|x86
	EndGlobalSection
	GlobalSection(ProjectConfigurationPlatforms) = postSolution
		{30D8FD83-812C-4CEE-998F-0703890198A6}.Debug|x64.ActiveCfg = Debug|x64
		{30D8FD83-812C-4CEE-998F-0703890198A6}.Debug|x64.Build.0 = Debug|x64
		{30D8FD83-812C-4CEE-998F-0703890198A6}.Debug|x86.ActiveCfg = Debug|Win32
		{30D8FD83-812C-4CEE-998F-0703890198A6}.Debug|x86.Build.0 = Debug|Win32
		{30D8FD83-812C-4CEE-998F-0703890198A6}.Release|x64.ActiveCfg = Release|x64
		{30D8FD83-812C-4CEE-998F-0703890198A6}.Release|x64.Build.0 = Release|x64
		{30D8FD83-812C-4CEE-998F-0703890198A6}.Release|x86.ActiveCfg = Release|Win32
		{30D8FD83-812C-4CEE-998F-0703890198A6}.Release|x86.Build.0 = Release|Win32
	EndGlobalSection
	GlobalSection(SolutionProperties) = preSolution
		HideSolutionNode = FALSE
	EndGlobalSection
	GlobalSection(ExtensibilityGlobals) = postSolution
		SolutionGuid = {7AD23C36-B76A-4334-AD88-0C12A00C3952}
	EndGlobalSection
EndGlobal
